github.com/gotk3/gotk3 v0.6.1 h1:GJ400a0ecEEWrzjBvzBzH+pB/esEMIGdB9zPSmBdoeo=
github.com/gotk3/gotk3 v0.6.1/go.mod h1:/hqFpkNa9T3JgNAE2fLvCdov7c5bw//FHNZrZ3Uv9/Q=
github.com/mxschmitt/golang-combinations v1.1.0 h1:WlIZCnDm+Xlb2pRPf+R/qPKlGOU1w8lpN69/uy5z+Zg=
github.com/mxschmitt/golang-combinations v1.1.0/go.mod h1:RbMhWvfCelHR6WROvT2bVfxJvZHoEvBj71SKe+H0MYU=
